
Microsoft Visual Studio Solution File, Format Version 12.00
# Visual Studio Version 17
VisualStudioVersion = 17.14.36705.20 d17.14
MinimumVisualStudioVersion = 10.0.40219.1
Project("{FAE04EC0-301F-11D3-BF4B-00C04F79EFBC}") = "hospital appointment management", "hospital appointment management\hospital appointment management.csproj", "{87FD1721-65C1-41DD-88B6-0A0697F72FCF}"
EndProject
Global
	GlobalSection(SolutionConfigurationPlatforms) = preSolution
		Debug|Any CPU = Debug|Any CPU
		Release|Any CPU = Release|Any CPU
	EndGlobalSection
	GlobalSection(ProjectConfigurationPlatforms) = postSolution
		{87FD1721-65C1-41DD-88B6-0A0697F72FCF}.Debug|Any CPU.ActiveCfg = Debug|Any CPU
		{87FD1721-65C1-41DD-88B6-0A0697F72FCF}.Debug|Any CPU.Build.0 = Debug|Any CPU
		{87FD1721-65C1-41DD-88B6-0A0697F72FCF}.Release|Any CPU.ActiveCfg = Release|Any CPU
		{87FD1721-65C1-41DD-88B6-0A0697F72FCF}.Release|Any CPU.Build.0 = Release|Any CPU
	EndGlobalSection
	GlobalSection(SolutionProperties) = preSolution
		HideSolutionNode = FALSE
	EndGlobalSection
	GlobalSection(ExtensibilityGlobals) = postSolution
		SolutionGuid = {AA8AA34B-A2E6-49C6-8B21-A52D32DD3AC1}
	EndGlobalSection
EndGlobal
